// !$*UTF8*$!
{
	archiveVersion = 1;
	classes = {
	};
	objectVersion = 56;
	objects = {

/* Begin PBXBuildFile section */
		5527B4322C83C16C00B5A3AF /* CreditCardDebtCalculatorApp.swift in Sources */ = {isa = PBXBuildFile; fileRef = 5527B4312C83C16C00B5A3AF /* CreditCardDebtCalculatorApp.swift */; };
		5527B4342C83C16C00B5A3AF /* ContentView.swift in Sources */ = {isa = PBXBuildFile; fileRef = 5527B4332C83C16C00B5A3AF /* ContentView.swift */; };
		5527B4362C83C16E00B5A3AF /* Assets.xcassets in Resources */ = {isa = PBXBuildFile; fileRef = 5527B4352C83C16E00B5A3AF /* Assets.xcassets */; };
		5527B4392C83C16E00B5A3AF /* Preview Assets.xcassets in Resources */ = {isa = PBXBuildFile; fileRef = 5527B4382C83C16E00B5A3AF /* Preview Assets.xcassets */; };
		5527B4432C83C16E00B5A3AF /* CreditCardDebtCalculatorTests.swift in Sources */ = {isa = PBXBuildFile; fileRef = 5527B4422C83C16E00B5A3AF /* CreditCardDebtCalculatorTests.swift */; };
		5527B44D2C83C16E00B5A3AF /* CreditCardDebtCalculatorUITests.swift in Sources */ = {isa = PBXBuildFile; fileRef = 5527B44C2C83C16E00B5A3AF /* CreditCardDebtCalculatorUITests.swift */; };
		5527B44F2C83C16E00B5A3AF /* CreditCardDebtCalculatorUITestsLaunchTests.swift in Sources */ = {isa = PBXBuildFile; fileRef = 5527B44E2C83C16E00B5A3AF /* CreditCardDebtCalculatorUITestsLaunchTests.swift */; };
		5527B45E2C83C1E900B5A3AF /* Calculator.cpp in Sources */ = {isa = PBXBuildFile; fileRef = 5527B45C2C83C1E900B5A3AF /* Calculator.cpp */; };
/* End PBXBuildFile section */

/* Begin PBXContainerItemProxy section */
		5527B43F2C83C16E00B5A3AF /* PBXContainerItemProxy */ = {
			isa = PBXContainerItemProxy;
			containerPortal = 5527B4262C83C16C00B5A3AF /* Project object */;
			proxyType = 1;
			remoteGlobalIDString = 5527B42D2C83C16C00B5A3AF;
			remoteInfo = CreditCardDebtCalculator;
		};
		5527B4492C83C16E00B5A3AF /* PBXContainerItemProxy */ = {
			isa = PBXContainerItemProxy;
			containerPortal = 5527B4262C83C16C00B5A3AF /* Project object */;
			proxyType = 1;
			remoteGlobalIDString = 5527B42D2C83C16C00B5A3AF;
			remoteInfo = CreditCardDebtCalculator;
		};
/* End PBXContainerItemProxy section */

/* Begin PBXFileReference section */
		5527B42E2C83C16C00B5A3AF /* CreditCardDebtCalculator.app */ = {isa = PBXFileReference; explicitFileType = wrapper.application; includeInIndex = 0; path = CreditCardDebtCalculator.app; sourceTree = BUILT_PRODUCTS_DIR; };
		5527B4312C83C16C00B5A3AF /* CreditCardDebtCalculatorApp.swift */ = {isa = PBXFileReference; lastKnownFileType = sourcecode.swift; path = CreditCardDebtCalculatorApp.swift; sourceTree = "<group>"; };
		5527B4332C83C16C00B5A3AF /* ContentView.swift */ = {isa = PBXFileReference; lastKnownFileType = sourcecode.swift; path = ContentView.swift; sourceTree = "<group>"; };
		5527B4352C83C16E00B5A3AF /* Assets.xcassets */ = {isa = PBXFileReference; lastKnownFileType = folder.assetcatalog; path = Assets.xcassets; sourceTree = "<group>"; };
		5527B4382C83C16E00B5A3AF /* Preview Assets.xcassets */ = {isa = PBXFileReference; lastKnownFileType = folder.assetcatalog; path = "Preview Assets.xcassets"; sourceTree = "<group>"; };
		5527B43E2C83C16E00B5A3AF /* CreditCardDebtCalculatorTests.xctest */ = {isa = PBXFileReference; explicitFileType = wrapper.cfbundle; includeInIndex = 0; path = CreditCardDebtCalculatorTests.xctest; sourceTree = BUILT_PRODUCTS_DIR; };
		5527B4422C83C16E00B5A3AF /* CreditCardDebtCalculatorTests.swift */ = {isa = PBXFileReference; lastKnownFileType = sourcecode.swift; path = CreditCardDebtCalculatorTests.swift; sourceTree = "<group>"; };
		5527B4482C83C16E00B5A3AF /* CreditCardDebtCalculatorUITests.xctest */ = {isa = PBXFileReference; explicitFileType = wrapper.cfbundle; includeInIndex = 0; path = CreditCardDebtCalculatorUITests.xctest; sourceTree = BUILT_PRODUCTS_DIR; };
		5527B44C2C83C16E00B5A3AF /* CreditCardDebtCalculatorUITests.swift */ = {isa = PBXFileReference; lastKnownFileType = sourcecode.swift; path = CreditCardDebtCalculatorUITests.swift; sourceTree = "<group>"; };
		5527B44E2C83C16E00B5A3AF /* CreditCardDebtCalculatorUITestsLaunchTests.swift */ = {isa = PBXFileReference; lastKnownFileType = sourcecode.swift; path = CreditCardDebtCalculatorUITestsLaunchTests.swift; sourceTree = "<group>"; };
		5527B45B2C83C1E900B5A3AF /* CreditCardDebtCalculator-Bridging-Header.h */ = {isa = PBXFileReference; lastKnownFileType = sourcecode.c.h; path = "CreditCardDebtCalculator-Bridging-Header.h"; sourceTree = "<group>"; };
		5527B45C2C83C1E900B5A3AF /* Calculator.cpp */ = {isa = PBXFileReference; lastKnownFileType = sourcecode.cpp.cpp; path = Calculator.cpp; sourceTree = "<group>"; };
		5527B45D2C83C1E900B5A3AF /* Calculator.hpp */ = {isa = PBXFileReference; lastKnownFileType = sourcecode.cpp.h; path = Calculator.hpp; sourceTree = "<group>"; };
/* End PBXFileReference section */

/* Begin PBXFrameworksBuildPhase section */
		5527B42B2C83C16C00B5A3AF /* Frameworks */ = {
			isa = PBXFrameworksBuildPhase;
			buildActionMask = 2147483647;
			files = (
			);
			runOnlyForDeploymentPostprocessing = 0;
		};
		5527B43B2C83C16E00B5A3AF /* Frameworks */ = {
			isa = PBXFrameworksBuildPhase;
			buildActionMask = 2147483647;
			files = (
			);
			runOnlyForDeploymentPostprocessing = 0;
		};
		5527B4452C83C16E00B5A3AF /* Frameworks */ = {
			isa = PBXFrameworksBuildPhase;
			buildActionMask = 2147483647;
			files = (
			);
			runOnlyForDeploymentPostprocessing = 0;
		};
/* End PBXFrameworksBuildPhase section */

/* Begin PBXGroup section */
		5527B4252C83C16C00B5A3AF = {
			isa = PBXGroup;
			children = (
				5527B4302C83C16C00B5A3AF /* CreditCardDebtCalculator */,
				5527B4412C83C16E00B5A3AF /* CreditCardDebtCalculatorTests */,
				5527B44B2C83C16E00B5A3AF /* CreditCardDebtCalculatorUITests */,
				5527B42F2C83C16C00B5A3AF /* Products */,
			);
			sourceTree = "<group>";
		};
		5527B42F2C83C16C00B5A3AF /* Products */ = {
			isa = PBXGroup;
			children = (
				5527B42E2C83C16C00B5A3AF /* CreditCardDebtCalculator.app */,
				5527B43E2C83C16E00B5A3AF /* CreditCardDebtCalculatorTests.xctest */,
				5527B4482C83C16E00B5A3AF /* CreditCardDebtCalculatorUITests.xctest */,
			);
			name = Products;
			sourceTree = "<group>";
		};
		5527B4302C83C16C00B5A3AF /* CreditCardDebtCalculator */ = {
			isa = PBXGroup;
			children = (
				5527B4312C83C16C00B5A3AF /* CreditCardDebtCalculatorApp.swift */,
				5527B4332C83C16C00B5A3AF /* ContentView.swift */,
				5527B4352C83C16E00B5A3AF /* Assets.xcassets */,
				5527B4372C83C16E00B5A3AF /* Preview Content */,
				5527B45C2C83C1E900B5A3AF /* Calculator.cpp */,
				5527B45D2C83C1E900B5A3AF /* Calculator.hpp */,
				5527B45B2C83C1E900B5A3AF /* CreditCardDebtCalculator-Bridging-Header.h */,
			);
			path = CreditCardDebtCalculator;
			sourceTree = "<group>";
		};
		5527B4372C83C16E00B5A3AF /* Preview Content */ = {
			isa = PBXGroup;
			children = (
				5527B4382C83C16E00B5A3AF /* Preview Assets.xcassets */,
			);
			path = "Preview Content";
			sourceTree = "<group>";
		};
		5527B4412C83C16E00B5A3AF /* CreditCardDebtCalculatorTests */ = {
			isa = PBXGroup;
			children = (
				5527B4422C83C16E00B5A3AF /* CreditCardDebtCalculatorTests.swift */,
			);
			path = CreditCardDebtCalculatorTests;
			sourceTree = "<group>";
		};
		5527B44B2C83C16E00B5A3AF /* CreditCardDebtCalculatorUITests */ = {
			isa = PBXGroup;
			children = (
				5527B44C2C83C16E00B5A3AF /* CreditCardDebtCalculatorUITests.swift */,
				5527B44E2C83C16E00B5A3AF /* CreditCardDebtCalculatorUITestsLaunchTests.swift */,
			);
			path = CreditCardDebtCalculatorUITests;
			sourceTree = "<group>";
		};
/* End PBXGroup section */

/* Begin PBXNativeTarget section */
		5527B42D2C83C16C00B5A3AF /* CreditCardDebtCalculator */ = {
			isa = PBXNativeTarget;
			buildConfigurationList = 5527B4522C83C16E00B5A3AF /* Build configuration list for PBXNativeTarget "CreditCardDebtCalculator" */;
			buildPhases = (
				5527B42A2C83C16C00B5A3AF /* Sources */,
				5527B42B2C83C16C00B5A3AF /* Frameworks */,
				5527B42C2C83C16C00B5A3AF /* Resources */,
			);
			buildRules = (
			);
			dependencies = (
			);
			name = CreditCardDebtCalculator;
			productName = CreditCardDebtCalculator;
			productReference = 5527B42E2C83C16C00B5A3AF /* CreditCardDebtCalculator.app */;
			productType = "com.apple.product-type.application";
		};
		5527B43D2C83C16E00B5A3AF /* CreditCardDebtCalculatorTests */ = {
			isa = PBXNativeTarget;
			buildConfigurationList = 5527B4552C83C16E00B5A3AF /* Build configuration list for PBXNativeTarget "CreditCardDebtCalculatorTests" */;
			buildPhases = (
				5527B43A2C83C16E00B5A3AF /* Sources */,
				5527B43B2C83C16E00B5A3AF /* Frameworks */,
				5527B43C2C83C16E00B5A3AF /* Resources */,
			);
			buildRules = (
			);
			dependencies = (
				5527B4402C83C16E00B5A3AF /* PBXTargetDependency */,
			);
			name = CreditCardDebtCalculatorTests;
			productName = CreditCardDebtCalculatorTests;
			productReference = 5527B43E2C83C16E00B5A3AF /* CreditCardDebtCalculatorTests.xctest */;
			productType = "com.apple.product-type.bundle.unit-test";
		};
		5527B4472C83C16E00B5A3AF /* CreditCardDebtCalculatorUITests */ = {
			isa = PBXNativeTarget;
			buildConfigurationList = 5527B4582C83C16E00B5A3AF /* Build configuration list for PBXNativeTarget "CreditCardDebtCalculatorUITests" */;
			buildPhases = (
				5527B4442C83C16E00B5A3AF /* Sources */,
				5527B4452C83C16E00B5A3AF /* Frameworks */,
				5527B4462C83C16E00B5A3AF /* Resources */,
			);
			buildRules = (
			);
			dependencies = (
				5527B44A2C83C16E00B5A3AF /* PBXTargetDependency */,
			);
			name = CreditCardDebtCalculatorUITests;
			productName = CreditCardDebtCalculatorUITests;
			productReference = 5527B4482C83C16E00B5A3AF /* CreditCardDebtCalculatorUITests.xctest */;
			productType = "com.apple.product-type.bundle.ui-testing";
		};
/* End PBXNativeTarget section */

/* Begin PBXProject section */
		5527B4262C83C16C00B5A3AF /* Project object */ = {
			isa = PBXProject;
			attributes = {
				BuildIndependentTargetsInParallel = 1;
				LastSwiftUpdateCheck = 1540;
				LastUpgradeCheck = 1540;
				TargetAttributes = {
					5527B42D2C83C16C00B5A3AF = {
						CreatedOnToolsVersion = 15.4;
						LastSwiftMigration = 1540;
					};
					5527B43D2C83C16E00B5A3AF = {
						CreatedOnToolsVersion = 15.4;
						TestTargetID = 5527B42D2C83C16C00B5A3AF;
					};
					5527B4472C83C16E00B5A3AF = {
						CreatedOnToolsVersion = 15.4;
						TestTargetID = 5527B42D2C83C16C00B5A3AF;
					};
				};
			};
			buildConfigurationList = 5527B4292C83C16C00B5A3AF /* Build configuration list for PBXProject "CreditCardDebtCalculator" */;
			compatibilityVersion = "Xcode 14.0";
			developmentRegion = en;
			hasScannedForEncodings = 0;
			knownRegions = (
				en,
				Base,
			);
			mainGroup = 5527B4252C83C16C00B5A3AF;
			productRefGroup = 5527B42F2C83C16C00B5A3AF /* Products */;
			projectDirPath = "";
			projectRoot = "";
			targets = (
				5527B42D2C83C16C00B5A3AF /* CreditCardDebtCalculator */,
				5527B43D2C83C16E00B5A3AF /* CreditCardDebtCalculatorTests */,
				5527B4472C83C16E00B5A3AF /* CreditCardDebtCalculatorUITests */,
			);
		};
/* End PBXProject section */

/* Begin PBXResourcesBuildPhase section */
		5527B42C2C83C16C00B5A3AF /* Resources */ = {
			isa = PBXResourcesBuildPhase;
			buildActionMask = 2147483647;
			files = (
				5527B4392C83C16E00B5A3AF /* Preview Assets.xcassets in Resources */,
				5527B4362C83C16E00B5A3AF /* Assets.xcassets in Resources */,
			);
			runOnlyForDeploymentPostprocessing = 0;
		};
		5527B43C2C83C16E00B5A3AF /* Resources */ = {
			isa = PBXResourcesBuildPhase;
			buildActionMask = 2147483647;
			files = (
			);
			runOnlyForDeploymentPostprocessing = 0;
		};
		5527B4462C83C16E00B5A3AF /* Resources */ = {
			isa = PBXResourcesBuildPhase;
			buildActionMask = 2147483647;
			files = (
			);
			runOnlyForDeploymentPostprocessing = 0;
		};
/* End PBXResourcesBuildPhase section */

/* Begin PBXSourcesBuildPhase section */
		5527B42A2C83C16C00B5A3AF /* Sources */ = {
			isa = PBXSourcesBuildPhase;
			buildActionMask = 2147483647;
			files = (
				5527B45E2C83C1E900B5A3AF /* Calculator.cpp in Sources */,
				5527B4342C83C16C00B5A3AF /* ContentView.swift in Sources */,
				5527B4322C83C16C00B5A3AF /* CreditCardDebtCalculatorApp.swift in Sources */,
			);
			runOnlyForDeploymentPostprocessing = 0;
		};
		5527B43A2C83C16E00B5A3AF /* Sources */ = {
			isa = PBXSourcesBuildPhase;
			buildActionMask = 2147483647;
			files = (
				5527B4432C83C16E00B5A3AF /* CreditCardDebtCalculatorTests.swift in Sources */,
			);
			runOnlyForDeploymentPostprocessing = 0;
		};
		5527B4442C83C16E00B5A3AF /* Sources */ = {
			isa = PBXSourcesBuildPhase;
			buildActionMask = 2147483647;
			files = (
				5527B44F2C83C16E00B5A3AF /* CreditCardDebtCalculatorUITestsLaunchTests.swift in Sources */,
				5527B44D2C83C16E00B5A3AF /* CreditCardDebtCalculatorUITests.swift in Sources */,
			);
			runOnlyForDeploymentPostprocessing = 0;
		};
/* End PBXSourcesBuildPhase section */

/* Begin PBXTargetDependency section */
		5527B4402C83C16E00B5A3AF /* PBXTargetDependency */ = {
			isa = PBXTargetDependency;
			target = 5527B42D2C83C16C00B5A3AF /* CreditCardDebtCalculator */;
			targetProxy = 5527B43F2C83C16E00B5A3AF /* PBXContainerItemProxy */;
		};
		5527B44A2C83C16E00B5A3AF /* PBXTargetDependency */ = {
			isa = PBXTargetDependency;
			target = 5527B42D2C83C16C00B5A3AF /* CreditCardDebtCalculator */;
			targetProxy = 5527B4492C83C16E00B5A3AF /* PBXContainerItemProxy */;
		};
/* End PBXTargetDependency section */

/* Begin XCBuildConfiguration section */
		5527B4502C83C16E00B5A3AF /* Debug */ = {
			isa = XCBuildConfiguration;
			buildSettings = {
				ALWAYS_SEARCH_USER_PATHS = NO;
				ASSETCATALOG_COMPILER_GENERATE_SWIFT_ASSET_SYMBOL_EXTENSIONS = YES;
				CLANG_ANALYZER_NONNULL = YES;
				CLANG_ANALYZER_NUMBER_OBJECT_CONVERSION = YES_AGGRESSIVE;
				CLANG_CXX_LANGUAGE_STANDARD = "gnu++20";
				CLANG_ENABLE_MODULES = YES;
				CLANG_ENABLE_OBJC_ARC = YES;
				CLANG_ENABLE_OBJC_WEAK = YES;
				CLANG_WARN_BLOCK_CAPTURE_AUTORELEASING = YES;
				CLANG_WARN_BOOL_CONVERSION = YES;
				CLANG_WARN_COMMA = YES;
				CLANG_WARN_CONSTANT_CONVERSION = YES;
				CLANG_WARN_DEPRECATED_OBJC_IMPLEMENTATIONS = YES;
				CLANG_WARN_DIRECT_OBJC_ISA_USAGE = YES_ERROR;
				CLANG_WARN_DOCUMENTATION_COMMENTS = YES;
				CLANG_WARN_EMPTY_BODY = YES;
				CLANG_WARN_ENUM_CONVERSION = YES;
				CLANG_WARN_INFINITE_RECURSION = YES;
				CLANG_WARN_INT_CONVERSION = YES;
				CLANG_WARN_NON_LITERAL_NULL_CONVERSION = YES;
				CLANG_WARN_OBJC_IMPLICIT_RETAIN_SELF = YES;
				CLANG_WARN_OBJC_LITERAL_CONVERSION = YES;
				CLANG_WARN_OBJC_ROOT_CLASS = YES_ERROR;
				CLANG_WARN_QUOTED_INCLUDE_IN_FRAMEWORK_HEADER = YES;
				CLANG_WARN_RANGE_LOOP_ANALYSIS = YES;
				CLANG_WARN_STRICT_PROTOTYPES = YES;
				CLANG_WARN_SUSPICIOUS_MOVE = YES;
				CLANG_WARN_UNGUARDED_AVAILABILITY = YES_AGGRESSIVE;
				CLANG_WARN_UNREACHABLE_CODE = YES;
				CLANG_WARN__DUPLICATE_METHOD_MATCH = YES;
				COPY_PHASE_STRIP = NO;
				DEBUG_INFORMATION_FORMAT = dwarf;
				ENABLE_STRICT_OBJC_MSGSEND = YES;
				ENABLE_TESTABILITY = YES;
				ENABLE_USER_SCRIPT_SANDBOXING = YES;
				GCC_C_LANGUAGE_STANDARD = gnu17;
				GCC_DYNAMIC_NO_PIC = NO;
				GCC_NO_COMMON_BLOCKS = YES;
				GCC_OPTIMIZATION_LEVEL = 0;
				GCC_PREPROCESSOR_DEFINITIONS = (
					"DEBUG=1",
					"$(inherited)",
				);
				GCC_WARN_64_TO_32_BIT_CONVERSION = YES;
				GCC_WARN_ABOUT_RETURN_TYPE = YES_ERROR;
				GCC_WARN_UNDECLARED_SELECTOR = YES;
				GCC_WARN_UNINITIALIZED_AUTOS = YES_AGGRESSIVE;
				GCC_WARN_UNUSED_FUNCTION = YES;
				GCC_WARN_UNUSED_VARIABLE = YES;
				IPHONEOS_DEPLOYMENT_TARGET = 17.5;
				LOCALIZATION_PREFERS_STRING_CATALOGS = YES;
				MTL_ENABLE_DEBUG_INFO = INCLUDE_SOURCE;
				MTL_FAST_MATH = YES;
				ONLY_ACTIVE_ARCH = YES;
				SDKROOT = iphoneos;
				SWIFT_ACTIVE_COMPILATION_CONDITIONS = "DEBUG $(inherited)";
				SWIFT_OPTIMIZATION_LEVEL = "-Onone";
			};
			name = Debug;
		};
		5527B4512C83C16E00B5A3AF /* Release */ = {
			isa = XCBuildConfiguration;
			buildSettings = {
				ALWAYS_SEARCH_USER_PATHS = NO;
				ASSETCATALOG_COMPILER_GENERATE_SWIFT_ASSET_SYMBOL_EXTENSIONS = YES;
				CLANG_ANALYZER_NONNULL = YES;
				CLANG_ANALYZER_NUMBER_OBJECT_CONVERSION = YES_AGGRESSIVE;
				CLANG_CXX_LANGUAGE_STANDARD = "gnu++20";
				CLANG_ENABLE_MODULES = YES;
				CLANG_ENABLE_OBJC_ARC = YES;
				CLANG_ENABLE_OBJC_WEAK = YES;
				CLANG_WARN_BLOCK_CAPTURE_AUTORELEASING = YES;
				CLANG_WARN_BOOL_CONVERSION = YES;
				CLANG_WARN_COMMA = YES;
				CLANG_WARN_CONSTANT_CONVERSION = YES;
				CLANG_WARN_DEPRECATED_OBJC_IMPLEMENTATIONS = YES;
				CLANG_WARN_DIRECT_OBJC_ISA_USAGE = YES_ERROR;
				CLANG_WARN_DOCUMENTATION_COMMENTS = YES;
				CLANG_WARN_EMPTY_BODY = YES;
				CLANG_WARN_ENUM_CONVERSION = YES;
				CLANG_WARN_INFINITE_RECURSION = YES;
				CLANG_WARN_INT_CONVERSION = YES;
				CLANG_WARN_NON_LITERAL_NULL_CONVERSION = YES;
				CLANG_WARN_OBJC_IMPLICIT_RETAIN_SELF = YES;
				CLANG_WARN_OBJC_LITERAL_CONVERSION = YES;
				CLANG_WARN_OBJC_ROOT_CLASS = YES_ERROR;
				CLANG_WARN_QUOTED_INCLUDE_IN_FRAMEWORK_HEADER = YES;
				CLANG_WARN_RANGE_LOOP_ANALYSIS = YES;
				CLANG_WARN_STRICT_PROTOTYPES = YES;
				CLANG_WARN_SUSPICIOUS_MOVE = YES;
				CLANG_WARN_UNGUARDED_AVAILABILITY = YES_AGGRESSIVE;
				CLANG_WARN_UNREACHABLE_CODE = YES;
				CLANG_WARN__DUPLICATE_METHOD_MATCH = YES;
				COPY_PHASE_STRIP = NO;
				DEBUG_INFORMATION_FORMAT = "dwarf-with-dsym";
				ENABLE_NS_ASSERTIONS = NO;
				ENABLE_STRICT_OBJC_MSGSEND = YES;
				ENABLE_USER_SCRIPT_SANDBOXING = YES;
				GCC_C_LANGUAGE_STANDARD = gnu17;
				GCC_NO_COMMON_BLOCKS = YES;
				GCC_WARN_64_TO_32_BIT_CONVERSION = YES;
				GCC_WARN_ABOUT_RETURN_TYPE = YES_ERROR;
				GCC_WARN_UNDECLARED_SELECTOR = YES;
				GCC_WARN_UNINITIALIZED_AUTOS = YES_AGGRESSIVE;
				GCC_WARN_UNUSED_FUNCTION = YES;
				GCC_WARN_UNUSED_VARIABLE = YES;
				IPHONEOS_DEPLOYMENT_TARGET = 17.5;
				LOCALIZATION_PREFERS_STRING_CATALOGS = YES;
				MTL_ENABLE_DEBUG_INFO = NO;
				MTL_FAST_MATH = YES;
				SDKROOT = iphoneos;
				SWIFT_COMPILATION_MODE = wholemodule;
				VALIDATE_PRODUCT = YES;
			};
			name = Release;
		};
		5527B4532C83C16E00B5A3AF /* Debug */ = {
			isa = XCBuildConfiguration;
			buildSettings = {
				ASSETCATALOG_COMPILER_APPICON_NAME = AppIcon;
				ASSETCATALOG_COMPILER_GLOBAL_ACCENT_COLOR_NAME = AccentColor;
				CLANG_ENABLE_MODULES = YES;
				CODE_SIGN_STYLE = Automatic;
				CURRENT_PROJECT_VERSION = 1;
				DEVELOPMENT_ASSET_PATHS = "\"CreditCardDebtCalculator/Preview Content\"";
				DEVELOPMENT_TEAM = P7FYQ2HW53;
				ENABLE_PREVIEWS = YES;
				GENERATE_INFOPLIST_FILE = YES;
				INFOPLIST_KEY_UIApplicationSceneManifest_Generation = YES;
				INFOPLIST_KEY_UIApplicationSupportsIndirectInputEvents = YES;
				INFOPLIST_KEY_UILaunchScreen_Generation = YES;
				INFOPLIST_KEY_UISupportedInterfaceOrientations_iPad = "UIInterfaceOrientationPortrait UIInterfaceOrientationPortraitUpsideDown UIInterfaceOrientationLandscapeLeft UIInterfaceOrientationLandscapeRight";
				INFOPLIST_KEY_UISupportedInterfaceOrientations_iPhone = "UIInterfaceOrientationPortrait UIInterfaceOrientationLandscapeLeft UIInterfaceOrientationLandscapeRight";
				LD_RUNPATH_SEARCH_PATHS = (
					"$(inherited)",
					"@executable_path/Frameworks",
				);
				MARKETING_VERSION = 1.0;
				PRODUCT_BUNDLE_IDENTIFIER = com.Richard.CreditCardDebtCalculator;
				PRODUCT_NAME = "$(TARGET_NAME)";
				SWIFT_EMIT_LOC_STRINGS = YES;
				SWIFT_OBJC_BRIDGING_HEADER = "CreditCardDebtCalculator/CreditCardDebtCalculator-Bridging-Header.h";
				SWIFT_OPTIMIZATION_LEVEL = "-Onone";
				SWIFT_VERSION = 5.0;
				TARGETED_DEVICE_FAMILY = "1,2";
			};
			name = Debug;
		};
		5527B4542C83C16E00B5A3AF /* Release */ = {
			isa = XCBuildConfiguration;
			buildSettings = {
				ASSETCATALOG_COMPILER_APPICON_NAME = AppIcon;
				ASSETCATALOG_COMPILER_GLOBAL_ACCENT_COLOR_NAME = AccentColor;
				CLANG_ENABLE_MODULES = YES;
				CODE_SIGN_STYLE = Automatic;
				CURRENT_PROJECT_VERSION = 1;
				DEVELOPMENT_ASSET_PATHS = "\"CreditCardDebtCalculator/Preview Content\"";
				DEVELOPMENT_TEAM = P7FYQ2HW53;
				ENABLE_PREVIEWS = YES;
				GENERATE_INFOPLIST_FILE = YES;
				INFOPLIST_KEY_UIApplicationSceneManifest_Generation = YES;
				INFOPLIST_KEY_UIApplicationSupportsIndirectInputEvents = YES;
				INFOPLIST_KEY_UILaunchScreen_Generation = YES;
				INFOPLIST_KEY_UISupportedInterfaceOrientations_iPad = "UIInterfaceOrientationPortrait UIInterfaceOrientationPortraitUpsideDown UIInterfaceOrientationLandscapeLeft UIInterfaceOrientationLandscapeRight";
				INFOPLIST_KEY_UISupportedInterfaceOrientations_iPhone = "UIInterfaceOrientationPortrait UIInterfaceOrientationLandscapeLeft UIInterfaceOrientationLandscapeRight";
				LD_RUNPATH_SEARCH_PATHS = (
					"$(inherited)",
					"@executable_path/Frameworks",
				);
				MARKETING_VERSION = 1.0;
				PRODUCT_BUNDLE_IDENTIFIER = com.Richard.CreditCardDebtCalculator;
				PRODUCT_NAME = "$(TARGET_NAME)";
				SWIFT_EMIT_LOC_STRINGS = YES;
				SWIFT_OBJC_BRIDGING_HEADER = "CreditCardDebtCalculator/CreditCardDebtCalculator-Bridging-Header.h";
				SWIFT_VERSION = 5.0;
				TARGETED_DEVICE_FAMILY = "1,2";
			};
			name = Release;
		};
		5527B4562C83C16E00B5A3AF /* Debug */ = {
			isa = XCBuildConfiguration;
			buildSettings = {
				ALWAYS_EMBED_SWIFT_STANDARD_LIBRARIES = YES;
				BUNDLE_LOADER = "$(TEST_HOST)";
				CODE_SIGN_STYLE = Automatic;
				CURRENT_PROJECT_VERSION = 1;
				DEVELOPMENT_TEAM = P7FYQ2HW53;
				GENERATE_INFOPLIST_FILE = YES;
				IPHONEOS_DEPLOYMENT_TARGET = 17.5;
				MARKETING_VERSION = 1.0;
				PRODUCT_BUNDLE_IDENTIFIER = com.Richard.CreditCardDebtCalculatorTests;
				PRODUCT_NAME = "$(TARGET_NAME)";
				SWIFT_EMIT_LOC_STRINGS = NO;
				SWIFT_VERSION = 5.0;
				TARGETED_DEVICE_FAMILY = "1,2";
				TEST_HOST = "$(BUILT_PRODUCTS_DIR)/CreditCardDebtCalculator.app/$(BUNDLE_EXECUTABLE_FOLDER_PATH)/CreditCardDebtCalculator";
			};
			name = Debug;
		};
		5527B4572C83C16E00B5A3AF /* Release */ = {
			isa = XCBuildConfiguration;
			buildSettings = {
				ALWAYS_EMBED_SWIFT_STANDARD_LIBRARIES = YES;
				BUNDLE_LOADER = "$(TEST_HOST)";
				CODE_SIGN_STYLE = Automatic;
				CURRENT_PROJECT_VERSION = 1;
				DEVELOPMENT_TEAM = P7FYQ2HW53;
				GENERATE_INFOPLIST_FILE = YES;
				IPHONEOS_DEPLOYMENT_TARGET = 17.5;
				MARKETING_VERSION = 1.0;
				PRODUCT_BUNDLE_IDENTIFIER = com.Richard.CreditCardDebtCalculatorTests;
				PRODUCT_NAME = "$(TARGET_NAME)";
				SWIFT_EMIT_LOC_STRINGS = NO;
				SWIFT_VERSION = 5.0;
				TARGETED_DEVICE_FAMILY = "1,2";
				TEST_HOST = "$(BUILT_PRODUCTS_DIR)/CreditCardDebtCalculator.app/$(BUNDLE_EXECUTABLE_FOLDER_PATH)/CreditCardDebtCalculator";
			};
			name = Release;
		};
		5527B4592C83C16E00B5A3AF /* Debug */ = {
			isa = XCBuildConfiguration;
			buildSettings = {
				ALWAYS_EMBED_SWIFT_STANDARD_LIBRARIES = YES;
				CODE_SIGN_STYLE = Automatic;
				CURRENT_PROJECT_VERSION = 1;
				DEVELOPMENT_TEAM = P7FYQ2HW53;
				GENERATE_INFOPLIST_FILE = YES;
				MARKETING_VERSION = 1.0;
				PRODUCT_BUNDLE_IDENTIFIER = com.Richard.CreditCardDebtCalculatorUITests;
				PRODUCT_NAME = "$(TARGET_NAME)";
				SWIFT_EMIT_LOC_STRINGS = NO;
				SWIFT_VERSION = 5.0;
				TARGETED_DEVICE_FAMILY = "1,2";
				TEST_TARGET_NAME = CreditCardDebtCalculator;
			};
			name = Debug;
		};
		5527B45A2C83C16E00B5A3AF /* Release */ = {
			isa = XCBuildConfiguration;
			buildSettings = {
				ALWAYS_EMBED_SWIFT_STANDARD_LIBRARIES = YES;
				CODE_SIGN_STYLE = Automatic;
				CURRENT_PROJECT_VERSION = 1;
				DEVELOPMENT_TEAM = P7FYQ2HW53;
				GENERATE_INFOPLIST_FILE = YES;
				MARKETING_VERSION = 1.0;
				PRODUCT_BUNDLE_IDENTIFIER = com.Richard.CreditCardDebtCalculatorUITests;
				PRODUCT_NAME = "$(TARGET_NAME)";
				SWIFT_EMIT_LOC_STRINGS = NO;
				SWIFT_VERSION = 5.0;
				TARGETED_DEVICE_FAMILY = "1,2";
				TEST_TARGET_NAME = CreditCardDebtCalculator;
			};
			name = Release;
		};
/* End XCBuildConfiguration section */

/* Begin XCConfigurationList section */
		5527B4292C83C16C00B5A3AF /* Build configuration list for PBXProject "CreditCardDebtCalculator" */ = {
			isa = XCConfigurationList;
			buildConfigurations = (
				5527B4502C83C16E00B5A3AF /* Debug */,
				5527B4512C83C16E00B5A3AF /* Release */,
			);
			defaultConfigurationIsVisible = 0;
			defaultConfigurationName = Release;
		};
		5527B4522C83C16E00B5A3AF /* Build configuration list for PBXNativeTarget "CreditCardDebtCalculator" */ = {
			isa = XCConfigurationList;
			buildConfigurations = (
				5527B4532C83C16E00B5A3AF /* Debug */,
				5527B4542C83C16E00B5A3AF /* Release */,
			);
			defaultConfigurationIsVisible = 0;
			defaultConfigurationName = Release;
		};
		5527B4552C83C16E00B5A3AF /* Build configuration list for PBXNativeTarget "CreditCardDebtCalculatorTests" */ = {
			isa = XCConfigurationList;
			buildConfigurations = (
				5527B4562C83C16E00B5A3AF /* Debug */,
				5527B4572C83C16E00B5A3AF /* Release */,
			);
			defaultConfigurationIsVisible = 0;
			defaultConfigurationName = Release;
		};
		5527B4582C83C16E00B5A3AF /* Build configuration list for PBXNativeTarget "CreditCardDebtCalculatorUITests" */ = {
			isa = XCConfigurationList;
			buildConfigurations = (
				5527B4592C83C16E00B5A3AF /* Debug */,
				5527B45A2C83C16E00B5A3AF /* Release */,
			);
			defaultConfigurationIsVisible = 0;
			defaultConfigurationName = Release;
		};
/* End XCConfigurationList section */
	};
	rootObject = 5527B4262C83C16C00B5A3AF /* Project object */;
}
